PODS:
  - SwiftLint (0.52.1)
  - SwiftyBeaver (2.0.0)
  - TinyConstraints (4.0.2)

DEPENDENCIES:
  - SwiftLint
  - SwiftyBeaver
  - TinyConstraints

SPEC REPOS:
  trunk:
    - SwiftLint
    - SwiftyBeaver
    - TinyConstraints

SPEC CHECKSUMS:
  SwiftLint: 437c13044ba689c96b37c66f7c646f46efba7176
  SwiftyBeaver: 014b0c12065026b731bac80305294f27d63e27f6
  TinyConstraints: 7b7ccc0c485bb3bb47082138ff28bc33cd49897f

PODFILE CHECKSUM: aa1b963c1a9e5d8adec05410e681e480e782aecf

COCOAPODS: 1.11.3
